
Microsoft Visual Studio Solution File, Format Version 12.00
# Visual Studio 15
VisualStudioVersion = 15.0.28307.168
MinimumVisualStudioVersion = 10.0.40219.1
Project("{FAE04EC0-301F-11D3-BF4B-00C04F79EFBC}") = "InheritanceExamples", "InheritanceExamples\InheritanceExamples.csproj", "{0D467C6B-0577-4B8A-819C-2F95F9A04BA5}"
EndProject
Project("{FAE04EC0-301F-11D3-BF4B-00C04F79EFBC}") = "AccessSpecifiers", "AccessSpecifiers\AccessSpecifiers.csproj", "{B376435B-22BE-4A71-B43F-D5C856FABBA1}"
EndProject
Global
	GlobalSection(SolutionConfigurationPlatforms) = preSolution
		Debug|Any CPU = Debug|Any CPU
		Release|Any CPU = Release|Any CPU
	EndGlobalSection
	GlobalSection(ProjectConfigurationPlatforms) = postSolution
		{0D467C6B-0577-4B8A-819C-2F95F9A04BA5}.Debug|Any CPU.ActiveCfg = Debug|Any CPU
		{0D467C6B-0577-4B8A-819C-2F95F9A04BA5}.Debug|Any CPU.Build.0 = Debug|Any CPU
		{0D467C6B-0577-4B8A-819C-2F95F9A04BA5}.Release|Any CPU.ActiveCfg = Release|Any CPU
		{0D467C6B-0577-4B8A-819C-2F95F9A04BA5}.Release|Any CPU.Build.0 = Release|Any CPU
		{B376435B-22BE-4A71-B43F-D5C856FABBA1}.Debug|Any CPU.ActiveCfg = Debug|Any CPU
		{B376435B-22BE-4A71-B43F-D5C856FABBA1}.Debug|Any CPU.Build.0 = Debug|Any CPU
		{B376435B-22BE-4A71-B43F-D5C856FABBA1}.Release|Any CPU.ActiveCfg = Release|Any CPU
		{B376435B-22BE-4A71-B43F-D5C856FABBA1}.Release|Any CPU.Build.0 = Release|Any CPU
	EndGlobalSection
	GlobalSection(SolutionProperties) = preSolution
		HideSolutionNode = FALSE
	EndGlobalSection
	GlobalSection(ExtensibilityGlobals) = postSolution
		SolutionGuid = {C970A2A6-BC3E-4E45-A5AE-BA0003B17CEC}
	EndGlobalSection
EndGlobal
