
Microsoft Visual Studio Solution File, Format Version 12.00
# Visual Studio 15
VisualStudioVersion = 15.0.28307.168
MinimumVisualStudioVersion = 10.0.40219.1
Project("{FAE04EC0-301F-11D3-BF4B-00C04F79EFBC}") = "InheritanceExamples2", "InheritanceExamples2\InheritanceExamples2.csproj", "{A43BA5ED-1186-421E-BC89-7142DF01E6BF}"
EndProject
Project("{FAE04EC0-301F-11D3-BF4B-00C04F79EFBC}") = "Interfaces", "Interfaces\Interfaces.csproj", "{4FE09DC0-112A-4097-818C-E2073254E90A}"
EndProject
Project("{FAE04EC0-301F-11D3-BF4B-00C04F79EFBC}") = "RefAndValue", "RefAndValue\RefAndValue.csproj", "{3CFE1841-643C-443C-B899-130CC4FBC931}"
EndProject
Project("{FAE04EC0-301F-11D3-BF4B-00C04F79EFBC}") = "NullableTypes", "NullableTypes\NullableTypes.csproj", "{727D052A-ED36-45F7-8809-0B2196607D8B}"
EndProject
Project("{FAE04EC0-301F-11D3-BF4B-00C04F79EFBC}") = "RefValue", "RefValue\RefValue.csproj", "{82406E6B-0A6C-4110-B165-CCD8453CD133}"
EndProject
Global
	GlobalSection(SolutionConfigurationPlatforms) = preSolution
		Debug|Any CPU = Debug|Any CPU
		Release|Any CPU = Release|Any CPU
	EndGlobalSection
	GlobalSection(ProjectConfigurationPlatforms) = postSolution
		{A43BA5ED-1186-421E-BC89-7142DF01E6BF}.Debug|Any CPU.ActiveCfg = Debug|Any CPU
		{A43BA5ED-1186-421E-BC89-7142DF01E6BF}.Debug|Any CPU.Build.0 = Debug|Any CPU
		{A43BA5ED-1186-421E-BC89-7142DF01E6BF}.Release|Any CPU.ActiveCfg = Release|Any CPU
		{A43BA5ED-1186-421E-BC89-7142DF01E6BF}.Release|Any CPU.Build.0 = Release|Any CPU
		{4FE09DC0-112A-4097-818C-E2073254E90A}.Debug|Any CPU.ActiveCfg = Debug|Any CPU
		{4FE09DC0-112A-4097-818C-E2073254E90A}.Debug|Any CPU.Build.0 = Debug|Any CPU
		{4FE09DC0-112A-4097-818C-E2073254E90A}.Release|Any CPU.ActiveCfg = Release|Any CPU
		{4FE09DC0-112A-4097-818C-E2073254E90A}.Release|Any CPU.Build.0 = Release|Any CPU
		{3CFE1841-643C-443C-B899-130CC4FBC931}.Debug|Any CPU.ActiveCfg = Debug|Any CPU
		{3CFE1841-643C-443C-B899-130CC4FBC931}.Debug|Any CPU.Build.0 = Debug|Any CPU
		{3CFE1841-643C-443C-B899-130CC4FBC931}.Release|Any CPU.ActiveCfg = Release|Any CPU
		{3CFE1841-643C-443C-B899-130CC4FBC931}.Release|Any CPU.Build.0 = Release|Any CPU
		{727D052A-ED36-45F7-8809-0B2196607D8B}.Debug|Any CPU.ActiveCfg = Debug|Any CPU
		{727D052A-ED36-45F7-8809-0B2196607D8B}.Debug|Any CPU.Build.0 = Debug|Any CPU
		{727D052A-ED36-45F7-8809-0B2196607D8B}.Release|Any CPU.ActiveCfg = Release|Any CPU
		{727D052A-ED36-45F7-8809-0B2196607D8B}.Release|Any CPU.Build.0 = Release|Any CPU
		{82406E6B-0A6C-4110-B165-CCD8453CD133}.Debug|Any CPU.ActiveCfg = Debug|Any CPU
		{82406E6B-0A6C-4110-B165-CCD8453CD133}.Debug|Any CPU.Build.0 = Debug|Any CPU
		{82406E6B-0A6C-4110-B165-CCD8453CD133}.Release|Any CPU.ActiveCfg = Release|Any CPU
		{82406E6B-0A6C-4110-B165-CCD8453CD133}.Release|Any CPU.Build.0 = Release|Any CPU
	EndGlobalSection
	GlobalSection(SolutionProperties) = preSolution
		HideSolutionNode = FALSE
	EndGlobalSection
	GlobalSection(ExtensibilityGlobals) = postSolution
		SolutionGuid = {C1E9B779-00EC-4A39-9F7B-11D73A027507}
	EndGlobalSection
EndGlobal
