
Microsoft Visual Studio Solution File, Format Version 12.00
# Visual Studio 15
VisualStudioVersion = 15.0.28307.168
MinimumVisualStudioVersion = 10.0.40219.1
Project("{FAE04EC0-301F-11D3-BF4B-00C04F79EFBC}") = "WebApplication3", "WebApplication3\WebApplication3.csproj", "{BD7BDC90-692A-4746-B986-B3346B73B57C}"
EndProject
Global
	GlobalSection(SolutionConfigurationPlatforms) = preSolution
		Debug|Any CPU = Debug|Any CPU
		Release|Any CPU = Release|Any CPU
	EndGlobalSection
	GlobalSection(ProjectConfigurationPlatforms) = postSolution
		{BD7BDC90-692A-4746-B986-B3346B73B57C}.Debug|Any CPU.ActiveCfg = Debug|Any CPU
		{BD7BDC90-692A-4746-B986-B3346B73B57C}.Debug|Any CPU.Build.0 = Debug|Any CPU
		{BD7BDC90-692A-4746-B986-B3346B73B57C}.Release|Any CPU.ActiveCfg = Release|Any CPU
		{BD7BDC90-692A-4746-B986-B3346B73B57C}.Release|Any CPU.Build.0 = Release|Any CPU
	EndGlobalSection
	GlobalSection(SolutionProperties) = preSolution
		HideSolutionNode = FALSE
	EndGlobalSection
	GlobalSection(ExtensibilityGlobals) = postSolution
		SolutionGuid = {976BECF2-B480-41E6-B002-4D4D2908B1DE}
	EndGlobalSection
EndGlobal
